// !$*UTF8*$!
{
	archiveVersion = 1;
	classes = {
	};
	objectVersion = 50;
	objects = {

/* Begin PBXBuildFile section */
		62680C542333F2AA007F0B88 /* ActivityIndicator.swift in Sources */ = {isa = PBXBuildFile; fileRef = 62680C532333F2AA007F0B88 /* ActivityIndicator.swift */; };
		626A3E822334148E00C13DEF /* README.md in Resources */ = {isa = PBXBuildFile; fileRef = 626A3E812334148E00C13DEF /* README.md */; };
		626B5BE123340F0C0034D1C5 /* Course.swift in Sources */ = {isa = PBXBuildFile; fileRef = 626B5BE023340F0C0034D1C5 /* Course.swift */; };
		629B829E2332F972006D8BFE /* NetworkManager.swift in Sources */ = {isa = PBXBuildFile; fileRef = 629B829D2332F972006D8BFE /* NetworkManager.swift */; };
		62FF3DE52332B057009AD833 /* AppDelegate.swift in Sources */ = {isa = PBXBuildFile; fileRef = 62FF3DE42332B057009AD833 /* AppDelegate.swift */; };
		62FF3DE72332B057009AD833 /* SceneDelegate.swift in Sources */ = {isa = PBXBuildFile; fileRef = 62FF3DE62332B057009AD833 /* SceneDelegate.swift */; };
		62FF3DE92332B057009AD833 /* ContentView.swift in Sources */ = {isa = PBXBuildFile; fileRef = 62FF3DE82332B057009AD833 /* ContentView.swift */; };
		62FF3DEB2332B058009AD833 /* Assets.xcassets in Resources */ = {isa = PBXBuildFile; fileRef = 62FF3DEA2332B058009AD833 /* Assets.xcassets */; };
		62FF3DEE2332B058009AD833 /* Preview Assets.xcassets in Resources */ = {isa = PBXBuildFile; fileRef = 62FF3DED2332B058009AD833 /* Preview Assets.xcassets */; };
		62FF3DF12332B058009AD833 /* LaunchScreen.storyboard in Resources */ = {isa = PBXBuildFile; fileRef = 62FF3DEF2332B058009AD833 /* LaunchScreen.storyboard */; };
/* End PBXBuildFile section */

/* Begin PBXFileReference section */
		62680C532333F2AA007F0B88 /* ActivityIndicator.swift */ = {isa = PBXFileReference; lastKnownFileType = sourcecode.swift; path = ActivityIndicator.swift; sourceTree = "<group>"; };
		626A3E812334148E00C13DEF /* README.md */ = {isa = PBXFileReference; fileEncoding = 4; lastKnownFileType = net.daringfireball.markdown; path = README.md; sourceTree = "<group>"; };
		626B5BE023340F0C0034D1C5 /* Course.swift */ = {isa = PBXFileReference; lastKnownFileType = sourcecode.swift; path = Course.swift; sourceTree = "<group>"; };
		629B829D2332F972006D8BFE /* NetworkManager.swift */ = {isa = PBXFileReference; lastKnownFileType = sourcecode.swift; path = NetworkManager.swift; sourceTree = "<group>"; };
		62FF3DE12332B057009AD833 /* SwiftUIJson.app */ = {isa = PBXFileReference; explicitFileType = wrapper.application; includeInIndex = 0; path = SwiftUIJson.app; sourceTree = BUILT_PRODUCTS_DIR; };
		62FF3DE42332B057009AD833 /* AppDelegate.swift */ = {isa = PBXFileReference; lastKnownFileType = sourcecode.swift; path = AppDelegate.swift; sourceTree = "<group>"; };
		62FF3DE62332B057009AD833 /* SceneDelegate.swift */ = {isa = PBXFileReference; lastKnownFileType = sourcecode.swift; path = SceneDelegate.swift; sourceTree = "<group>"; };
		62FF3DE82332B057009AD833 /* ContentView.swift */ = {isa = PBXFileReference; lastKnownFileType = sourcecode.swift; path = ContentView.swift; sourceTree = "<group>"; };
		62FF3DEA2332B058009AD833 /* Assets.xcassets */ = {isa = PBXFileReference; lastKnownFileType = folder.assetcatalog; path = Assets.xcassets; sourceTree = "<group>"; };
		62FF3DED2332B058009AD833 /* Preview Assets.xcassets */ = {isa = PBXFileReference; lastKnownFileType = folder.assetcatalog; path = "Preview Assets.xcassets"; sourceTree = "<group>"; };
		62FF3DF02332B058009AD833 /* Base */ = {isa = PBXFileReference; lastKnownFileType = file.storyboard; name = Base; path = Base.lproj/LaunchScreen.storyboard; sourceTree = "<group>"; };
		62FF3DF22332B058009AD833 /* Info.plist */ = {isa = PBXFileReference; lastKnownFileType = text.plist.xml; path = Info.plist; sourceTree = "<group>"; };
/* End PBXFileReference section */

/* Begin PBXFrameworksBuildPhase section */
		62FF3DDE2332B057009AD833 /* Frameworks */ = {
			isa = PBXFrameworksBuildPhase;
			buildActionMask = 2147483647;
			files = (
			);
			runOnlyForDeploymentPostprocessing = 0;
		};
/* End PBXFrameworksBuildPhase section */

/* Begin PBXGroup section */
		629B829C2332F964006D8BFE /* Models */ = {
			isa = PBXGroup;
			children = (
				629B829D2332F972006D8BFE /* NetworkManager.swift */,
				626B5BE023340F0C0034D1C5 /* Course.swift */,
			);
			path = Models;
			sourceTree = "<group>";
		};
		62FF3DD82332B057009AD833 = {
			isa = PBXGroup;
			children = (
				626A3E812334148E00C13DEF /* README.md */,
				62FF3DE32332B057009AD833 /* SwiftUIJson */,
				62FF3DE22332B057009AD833 /* Products */,
			);
			sourceTree = "<group>";
		};
		62FF3DE22332B057009AD833 /* Products */ = {
			isa = PBXGroup;
			children = (
				62FF3DE12332B057009AD833 /* SwiftUIJson.app */,
			);
			name = Products;
			sourceTree = "<group>";
		};
		62FF3DE32332B057009AD833 /* SwiftUIJson */ = {
			isa = PBXGroup;
			children = (
				629B829C2332F964006D8BFE /* Models */,
				62FF3DE42332B057009AD833 /* AppDelegate.swift */,
				62680C532333F2AA007F0B88 /* ActivityIndicator.swift */,
				62FF3DE62332B057009AD833 /* SceneDelegate.swift */,
				62FF3DE82332B057009AD833 /* ContentView.swift */,
				62FF3DEA2332B058009AD833 /* Assets.xcassets */,
				62FF3DEF2332B058009AD833 /* LaunchScreen.storyboard */,
				62FF3DF22332B058009AD833 /* Info.plist */,
				62FF3DEC2332B058009AD833 /* Preview Content */,
			);
			path = SwiftUIJson;
			sourceTree = "<group>";
		};
		62FF3DEC2332B058009AD833 /* Preview Content */ = {
			isa = PBXGroup;
			children = (
				62FF3DED2332B058009AD833 /* Preview Assets.xcassets */,
			);
			path = "Preview Content";
			sourceTree = "<group>";
		};
/* End PBXGroup section */

/* Begin PBXNativeTarget section */
		62FF3DE02332B057009AD833 /* SwiftUIJson */ = {
			isa = PBXNativeTarget;
			buildConfigurationList = 62FF3DF52332B058009AD833 /* Build configuration list for PBXNativeTarget "SwiftUIJson" */;
			buildPhases = (
				62FF3DDD2332B057009AD833 /* Sources */,
				62FF3DDE2332B057009AD833 /* Frameworks */,
				62FF3DDF2332B057009AD833 /* Resources */,
			);
			buildRules = (
			);
			dependencies = (
			);
			name = SwiftUIJson;
			productName = SwiftUIJson;
			productReference = 62FF3DE12332B057009AD833 /* SwiftUIJson.app */;
			productType = "com.apple.product-type.application";
		};
/* End PBXNativeTarget section */

/* Begin PBXProject section */
		62FF3DD92332B057009AD833 /* Project object */ = {
			isa = PBXProject;
			attributes = {
				LastSwiftUpdateCheck = 1100;
				LastUpgradeCheck = 1100;
				ORGANIZATIONNAME = "Joseph Missamore";
				TargetAttributes = {
					62FF3DE02332B057009AD833 = {
						CreatedOnToolsVersion = 11.0;
					};
				};
			};
			buildConfigurationList = 62FF3DDC2332B057009AD833 /* Build configuration list for PBXProject "SwiftUIJson" */;
			compatibilityVersion = "Xcode 9.3";
			developmentRegion = en;
			hasScannedForEncodings = 0;
			knownRegions = (
				en,
				Base,
			);
			mainGroup = 62FF3DD82332B057009AD833;
			productRefGroup = 62FF3DE22332B057009AD833 /* Products */;
			projectDirPath = "";
			projectRoot = "";
			targets = (
				62FF3DE02332B057009AD833 /* SwiftUIJson */,
			);
		};
/* End PBXProject section */

/* Begin PBXResourcesBuildPhase section */
		62FF3DDF2332B057009AD833 /* Resources */ = {
			isa = PBXResourcesBuildPhase;
			buildActionMask = 2147483647;
			files = (
				62FF3DF12332B058009AD833 /* LaunchScreen.storyboard in Resources */,
				62FF3DEE2332B058009AD833 /* Preview Assets.xcassets in Resources */,
				626A3E822334148E00C13DEF /* README.md in Resources */,
				62FF3DEB2332B058009AD833 /* Assets.xcassets in Resources */,
			);
			runOnlyForDeploymentPostprocessing = 0;
		};
/* End PBXResourcesBuildPhase section */

/* Begin PBXSourcesBuildPhase section */
		62FF3DDD2332B057009AD833 /* Sources */ = {
			isa = PBXSourcesBuildPhase;
			buildActionMask = 2147483647;
			files = (
				629B829E2332F972006D8BFE /* NetworkManager.swift in Sources */,
				626B5BE123340F0C0034D1C5 /* Course.swift in Sources */,
				62FF3DE52332B057009AD833 /* AppDelegate.swift in Sources */,
				62FF3DE72332B057009AD833 /* SceneDelegate.swift in Sources */,
				62680C542333F2AA007F0B88 /* ActivityIndicator.swift in Sources */,
				62FF3DE92332B057009AD833 /* ContentView.swift in Sources */,
			);
			runOnlyForDeploymentPostprocessing = 0;
		};
/* End PBXSourcesBuildPhase section */

/* Begin PBXVariantGroup section */
		62FF3DEF2332B058009AD833 /* LaunchScreen.storyboard */ = {
			isa = PBXVariantGroup;
			children = (
				62FF3DF02332B058009AD833 /* Base */,
			);
			name = LaunchScreen.storyboard;
			sourceTree = "<group>";
		};
/* End PBXVariantGroup section */

/* Begin XCBuildConfiguration section */
		62FF3DF32332B058009AD833 /* Debug */ = {
			isa = XCBuildConfiguration;
			buildSettings = {
				ALWAYS_SEARCH_USER_PATHS = NO;
				CLANG_ANALYZER_NONNULL = YES;
				CLANG_ANALYZER_NUMBER_OBJECT_CONVERSION = YES_AGGRESSIVE;
				CLANG_CXX_LANGUAGE_STANDARD = "gnu++14";
				CLANG_CXX_LIBRARY = "libc++";
				CLANG_ENABLE_MODULES = YES;
				CLANG_ENABLE_OBJC_ARC = YES;
				CLANG_ENABLE_OBJC_WEAK = YES;
				CLANG_WARN_BLOCK_CAPTURE_AUTORELEASING = YES;
				CLANG_WARN_BOOL_CONVERSION = YES;
				CLANG_WARN_COMMA = YES;
				CLANG_WARN_CONSTANT_CONVERSION = YES;
				CLANG_WARN_DEPRECATED_OBJC_IMPLEMENTATIONS = YES;
				CLANG_WARN_DIRECT_OBJC_ISA_USAGE = YES_ERROR;
				CLANG_WARN_DOCUMENTATION_COMMENTS = YES;
				CLANG_WARN_EMPTY_BODY = YES;
				CLANG_WARN_ENUM_CONVERSION = YES;
				CLANG_WARN_INFINITE_RECURSION = YES;
				CLANG_WARN_INT_CONVERSION = YES;
				CLANG_WARN_NON_LITERAL_NULL_CONVERSION = YES;
				CLANG_WARN_OBJC_IMPLICIT_RETAIN_SELF = YES;
				CLANG_WARN_OBJC_LITERAL_CONVERSION = YES;
				CLANG_WARN_OBJC_ROOT_CLASS = YES_ERROR;
				CLANG_WARN_RANGE_LOOP_ANALYSIS = YES;
				CLANG_WARN_STRICT_PROTOTYPES = YES;
				CLANG_WARN_SUSPICIOUS_MOVE = YES;
				CLANG_WARN_UNGUARDED_AVAILABILITY = YES_AGGRESSIVE;
				CLANG_WARN_UNREACHABLE_CODE = YES;
				CLANG_WARN__DUPLICATE_METHOD_MATCH = YES;
				COPY_PHASE_STRIP = NO;
				DEBUG_INFORMATION_FORMAT = dwarf;
				ENABLE_STRICT_OBJC_MSGSEND = YES;
				ENABLE_TESTABILITY = YES;
				GCC_C_LANGUAGE_STANDARD = gnu11;
				GCC_DYNAMIC_NO_PIC = NO;
				GCC_NO_COMMON_BLOCKS = YES;
				GCC_OPTIMIZATION_LEVEL = 0;
				GCC_PREPROCESSOR_DEFINITIONS = (
					"DEBUG=1",
					"$(inherited)",
				);
				GCC_WARN_64_TO_32_BIT_CONVERSION = YES;
				GCC_WARN_ABOUT_RETURN_TYPE = YES_ERROR;
				GCC_WARN_UNDECLARED_SELECTOR = YES;
				GCC_WARN_UNINITIALIZED_AUTOS = YES_AGGRESSIVE;
				GCC_WARN_UNUSED_FUNCTION = YES;
				GCC_WARN_UNUSED_VARIABLE = YES;
				IPHONEOS_DEPLOYMENT_TARGET = 13.0;
				MTL_ENABLE_DEBUG_INFO = INCLUDE_SOURCE;
				MTL_FAST_MATH = YES;
				ONLY_ACTIVE_ARCH = YES;
				SDKROOT = iphoneos;
				SWIFT_ACTIVE_COMPILATION_CONDITIONS = DEBUG;
				SWIFT_OPTIMIZATION_LEVEL = "-Onone";
			};
			name = Debug;
		};
		62FF3DF42332B058009AD833 /* Release */ = {
			isa = XCBuildConfiguration;
			buildSettings = {
				ALWAYS_SEARCH_USER_PATHS = NO;
				CLANG_ANALYZER_NONNULL = YES;
				CLANG_ANALYZER_NUMBER_OBJECT_CONVERSION = YES_AGGRESSIVE;
				CLANG_CXX_LANGUAGE_STANDARD = "gnu++14";
				CLANG_CXX_LIBRARY = "libc++";
				CLANG_ENABLE_MODULES = YES;
				CLANG_ENABLE_OBJC_ARC = YES;
				CLANG_ENABLE_OBJC_WEAK = YES;
				CLANG_WARN_BLOCK_CAPTURE_AUTORELEASING = YES;
				CLANG_WARN_BOOL_CONVERSION = YES;
				CLANG_WARN_COMMA = YES;
				CLANG_WARN_CONSTANT_CONVERSION = YES;
				CLANG_WARN_DEPRECATED_OBJC_IMPLEMENTATIONS = YES;
				CLANG_WARN_DIRECT_OBJC_ISA_USAGE = YES_ERROR;
				CLANG_WARN_DOCUMENTATION_COMMENTS = YES;
				CLANG_WARN_EMPTY_BODY = YES;
				CLANG_WARN_ENUM_CONVERSION = YES;
				CLANG_WARN_INFINITE_RECURSION = YES;
				CLANG_WARN_INT_CONVERSION = YES;
				CLANG_WARN_NON_LITERAL_NULL_CONVERSION = YES;
				CLANG_WARN_OBJC_IMPLICIT_RETAIN_SELF = YES;
				CLANG_WARN_OBJC_LITERAL_CONVERSION = YES;
				CLANG_WARN_OBJC_ROOT_CLASS = YES_ERROR;
				CLANG_WARN_RANGE_LOOP_ANALYSIS = YES;
				CLANG_WARN_STRICT_PROTOTYPES = YES;
				CLANG_WARN_SUSPICIOUS_MOVE = YES;
				CLANG_WARN_UNGUARDED_AVAILABILITY = YES_AGGRESSIVE;
				CLANG_WARN_UNREACHABLE_CODE = YES;
				CLANG_WARN__DUPLICATE_METHOD_MATCH = YES;
				COPY_PHASE_STRIP = NO;
				DEBUG_INFORMATION_FORMAT = "dwarf-with-dsym";
				ENABLE_NS_ASSERTIONS = NO;
				ENABLE_STRICT_OBJC_MSGSEND = YES;
				GCC_C_LANGUAGE_STANDARD = gnu11;
				GCC_NO_COMMON_BLOCKS = YES;
				GCC_WARN_64_TO_32_BIT_CONVERSION = YES;
				GCC_WARN_ABOUT_RETURN_TYPE = YES_ERROR;
				GCC_WARN_UNDECLARED_SELECTOR = YES;
				GCC_WARN_UNINITIALIZED_AUTOS = YES_AGGRESSIVE;
				GCC_WARN_UNUSED_FUNCTION = YES;
				GCC_WARN_UNUSED_VARIABLE = YES;
				IPHONEOS_DEPLOYMENT_TARGET = 13.0;
				MTL_ENABLE_DEBUG_INFO = NO;
				MTL_FAST_MATH = YES;
				SDKROOT = iphoneos;
				SWIFT_COMPILATION_MODE = wholemodule;
				SWIFT_OPTIMIZATION_LEVEL = "-O";
				VALIDATE_PRODUCT = YES;
			};
			name = Release;
		};
		62FF3DF62332B058009AD833 /* Debug */ = {
			isa = XCBuildConfiguration;
			buildSettings = {
				ASSETCATALOG_COMPILER_APPICON_NAME = AppIcon;
				CODE_SIGN_STYLE = Automatic;
				DEVELOPMENT_ASSET_PATHS = "\"SwiftUIJson/Preview Content\"";
				DEVELOPMENT_TEAM = 444FMVY427;
				ENABLE_PREVIEWS = YES;
				INFOPLIST_FILE = SwiftUIJson/Info.plist;
				LD_RUNPATH_SEARCH_PATHS = (
					"$(inherited)",
					"@executable_path/Frameworks",
				);
				PRODUCT_BUNDLE_IDENTIFIER = com.joemissamore.SwiftUIJson;
				PRODUCT_NAME = "$(TARGET_NAME)";
				SWIFT_VERSION = 5.0;
				TARGETED_DEVICE_FAMILY = "1,2";
			};
			name = Debug;
		};
		62FF3DF72332B058009AD833 /* Release */ = {
			isa = XCBuildConfiguration;
			buildSettings = {
				ASSETCATALOG_COMPILER_APPICON_NAME = AppIcon;
				CODE_SIGN_STYLE = Automatic;
				DEVELOPMENT_ASSET_PATHS = "\"SwiftUIJson/Preview Content\"";
				DEVELOPMENT_TEAM = 444FMVY427;
				ENABLE_PREVIEWS = YES;
				INFOPLIST_FILE = SwiftUIJson/Info.plist;
				LD_RUNPATH_SEARCH_PATHS = (
					"$(inherited)",
					"@executable_path/Frameworks",
				);
				PRODUCT_BUNDLE_IDENTIFIER = com.joemissamore.SwiftUIJson;
				PRODUCT_NAME = "$(TARGET_NAME)";
				SWIFT_VERSION = 5.0;
				TARGETED_DEVICE_FAMILY = "1,2";
			};
			name = Release;
		};
/* End XCBuildConfiguration section */

/* Begin XCConfigurationList section */
		62FF3DDC2332B057009AD833 /* Build configuration list for PBXProject "SwiftUIJson" */ = {
			isa = XCConfigurationList;
			buildConfigurations = (
				62FF3DF32332B058009AD833 /* Debug */,
				62FF3DF42332B058009AD833 /* Release */,
			);
			defaultConfigurationIsVisible = 0;
			defaultConfigurationName = Release;
		};
		62FF3DF52332B058009AD833 /* Build configuration list for PBXNativeTarget "SwiftUIJson" */ = {
			isa = XCConfigurationList;
			buildConfigurations = (
				62FF3DF62332B058009AD833 /* Debug */,
				62FF3DF72332B058009AD833 /* Release */,
			);
			defaultConfigurationIsVisible = 0;
			defaultConfigurationName = Release;
		};
/* End XCConfigurationList section */
	};
	rootObject = 62FF3DD92332B057009AD833 /* Project object */;
}
